Microsoft Visual Studio Solution File, Format Version 12.00
# Visual Studio Version 17
VisualStudioVersion = 17.5.2.0
MinimumVisualStudioVersion = 10.0.40219.1
Project("{FAE04EC0-301F-11D3-BF4B-00C04F79EFBC}") = "LinkedList", "LinkedList.csproj", "{94FB39F9-3D1A-53BD-3AC3-E6D7CE88AEE5}"
EndProject
Global
	GlobalSection(SolutionConfigurationPlatforms) = preSolution
		Debug|Any CPU = Debug|Any CPU
		Release|Any CPU = Release|Any CPU
	EndGlobalSection
	GlobalSection(ProjectConfigurationPlatforms) = postSolution
		{94FB39F9-3D1A-53BD-3AC3-E6D7CE88AEE5}.Debug|Any CPU.ActiveCfg = Debug|Any CPU
		{94FB39F9-3D1A-53BD-3AC3-E6D7CE88AEE5}.Debug|Any CPU.Build.0 = Debug|Any CPU
		{94FB39F9-3D1A-53BD-3AC3-E6D7CE88AEE5}.Release|Any CPU.ActiveCfg = Release|Any CPU
		{94FB39F9-3D1A-53BD-3AC3-E6D7CE88AEE5}.Release|Any CPU.Build.0 = Release|Any CPU
	EndGlobalSection
	GlobalSection(SolutionProperties) = preSolution
		HideSolutionNode = FALSE
	EndGlobalSection
	GlobalSection(ExtensibilityGlobals) = postSolution
		SolutionGuid = {561CBCDF-AC53-4B84-9436-D91956C4A85A}
	EndGlobalSection
EndGlobal
